
Microsoft Visual Studio Solution File, Format Version 12.00
# Visual Studio 15
VisualStudioVersion = 15.0.27428.2037
MinimumVisualStudioVersion = 10.0.40219.1
Project("{9A19103F-16F7-4668-BE54-9A1E7A4F7556}") = "NugetExample", "NugetExample\NugetExample.csproj", "{C0354124-EB86-49AE-80E6-A3AB71D5A604}"
EndProject
Project("{9A19103F-16F7-4668-BE54-9A1E7A4F7556}") = "Internals", "Internals\Internals.csproj", "{08BAE898-3255-46EC-8A5A-88A948BC9C76}"
EndProject
Global
	GlobalSection(SolutionConfigurationPlatforms) = preSolution
		Debug|Any CPU = Debug|Any CPU
		Release|Any CPU = Release|Any CPU
	EndGlobalSection
	GlobalSection(ProjectConfigurationPlatforms) = postSolution
		{C0354124-EB86-49AE-80E6-A3AB71D5A604}.Debug|Any CPU.ActiveCfg = Debug|Any CPU
		{C0354124-EB86-49AE-80E6-A3AB71D5A604}.Debug|Any CPU.Build.0 = Debug|Any CPU
		{C0354124-EB86-49AE-80E6-A3AB71D5A604}.Release|Any CPU.ActiveCfg = Release|Any CPU
		{C0354124-EB86-49AE-80E6-A3AB71D5A604}.Release|Any CPU.Build.0 = Release|Any CPU
		{08BAE898-3255-46EC-8A5A-88A948BC9C76}.Debug|Any CPU.ActiveCfg = Debug|Any CPU
		{08BAE898-3255-46EC-8A5A-88A948BC9C76}.Debug|Any CPU.Build.0 = Debug|Any CPU
		{08BAE898-3255-46EC-8A5A-88A948BC9C76}.Release|Any CPU.ActiveCfg = Release|Any CPU
		{08BAE898-3255-46EC-8A5A-88A948BC9C76}.Release|Any CPU.Build.0 = Release|Any CPU
	EndGlobalSection
	GlobalSection(SolutionProperties) = preSolution
		HideSolutionNode = FALSE
	EndGlobalSection
	GlobalSection(ExtensibilityGlobals) = postSolution
		SolutionGuid = {877C6316-FF8A-42BE-8871-7E7ABE06AB23}
	EndGlobalSection
EndGlobal
